// !$*UTF8*$!
{
	archiveVersion = 1;
	classes = {
	};
	objectVersion = 55;
	objects = {

/* Begin PBXBuildFile section */
		5FB5D43F2811535200A0C018 /* WorldCititesApp.swift in Sources */ = {isa = PBXBuildFile; fileRef = 5FB5D43E2811535200A0C018 /* WorldCititesApp.swift */; };
		5FB5D4412811535200A0C018 /* ContentView.swift in Sources */ = {isa = PBXBuildFile; fileRef = 5FB5D4402811535200A0C018 /* ContentView.swift */; };
		5FB5D4432811535300A0C018 /* Assets.xcassets in Resources */ = {isa = PBXBuildFile; fileRef = 5FB5D4422811535300A0C018 /* Assets.xcassets */; };
		5FB5D4462811535300A0C018 /* Preview Assets.xcassets in Resources */ = {isa = PBXBuildFile; fileRef = 5FB5D4452811535300A0C018 /* Preview Assets.xcassets */; };
		5FB5D44D2811539500A0C018 /* ViewModel.swift in Sources */ = {isa = PBXBuildFile; fileRef = 5FB5D44C2811539400A0C018 /* ViewModel.swift */; };
		5FB5D4502811550100A0C018 /* Country.xcdatamodeld in Sources */ = {isa = PBXBuildFile; fileRef = 5FB5D44E2811550100A0C018 /* Country.xcdatamodeld */; };
		5FB5D452281155C400A0C018 /* CountryController.swift in Sources */ = {isa = PBXBuildFile; fileRef = 5FB5D451281155C400A0C018 /* CountryController.swift */; };
/* End PBXBuildFile section */

/* Begin PBXFileReference section */
		5FB5D43B2811535200A0C018 /* WorldCitites.app */ = {isa = PBXFileReference; explicitFileType = wrapper.application; includeInIndex = 0; path = WorldCitites.app; sourceTree = BUILT_PRODUCTS_DIR; };
		5FB5D43E2811535200A0C018 /* WorldCititesApp.swift */ = {isa = PBXFileReference; lastKnownFileType = sourcecode.swift; path = WorldCititesApp.swift; sourceTree = "<group>"; };
		5FB5D4402811535200A0C018 /* ContentView.swift */ = {isa = PBXFileReference; lastKnownFileType = sourcecode.swift; path = ContentView.swift; sourceTree = "<group>"; };
		5FB5D4422811535300A0C018 /* Assets.xcassets */ = {isa = PBXFileReference; lastKnownFileType = folder.assetcatalog; path = Assets.xcassets; sourceTree = "<group>"; };
		5FB5D4452811535300A0C018 /* Preview Assets.xcassets */ = {isa = PBXFileReference; lastKnownFileType = folder.assetcatalog; path = "Preview Assets.xcassets"; sourceTree = "<group>"; };
		5FB5D44C2811539400A0C018 /* ViewModel.swift */ = {isa = PBXFileReference; lastKnownFileType = sourcecode.swift; path = ViewModel.swift; sourceTree = "<group>"; };
		5FB5D44F2811550100A0C018 /* Country.xcdatamodel */ = {isa = PBXFileReference; lastKnownFileType = wrapper.xcdatamodel; path = Country.xcdatamodel; sourceTree = "<group>"; };
		5FB5D451281155C400A0C018 /* CountryController.swift */ = {isa = PBXFileReference; lastKnownFileType = sourcecode.swift; path = CountryController.swift; sourceTree = "<group>"; };
/* End PBXFileReference section */

/* Begin PBXFrameworksBuildPhase section */
		5FB5D4382811535200A0C018 /* Frameworks */ = {
			isa = PBXFrameworksBuildPhase;
			buildActionMask = 2147483647;
			files = (
			);
			runOnlyForDeploymentPostprocessing = 0;
		};
/* End PBXFrameworksBuildPhase section */

/* Begin PBXGroup section */
		5FB5D4322811535200A0C018 = {
			isa = PBXGroup;
			children = (
				5FB5D43D2811535200A0C018 /* WorldCitites */,
				5FB5D43C2811535200A0C018 /* Products */,
			);
			sourceTree = "<group>";
		};
		5FB5D43C2811535200A0C018 /* Products */ = {
			isa = PBXGroup;
			children = (
				5FB5D43B2811535200A0C018 /* WorldCitites.app */,
			);
			name = Products;
			sourceTree = "<group>";
		};
		5FB5D43D2811535200A0C018 /* WorldCitites */ = {
			isa = PBXGroup;
			children = (
				5FB5D4532811862300A0C018 /* CoreData */,
				5FB5D43E2811535200A0C018 /* WorldCititesApp.swift */,
				5FB5D4402811535200A0C018 /* ContentView.swift */,
				5FB5D4422811535300A0C018 /* Assets.xcassets */,
				5FB5D4442811535300A0C018 /* Preview Content */,
				5FB5D44C2811539400A0C018 /* ViewModel.swift */,
			);
			path = WorldCitites;
			sourceTree = "<group>";
		};
		5FB5D4442811535300A0C018 /* Preview Content */ = {
			isa = PBXGroup;
			children = (
				5FB5D4452811535300A0C018 /* Preview Assets.xcassets */,
			);
			path = "Preview Content";
			sourceTree = "<group>";
		};
		5FB5D4532811862300A0C018 /* CoreData */ = {
			isa = PBXGroup;
			children = (
				5FB5D44E2811550100A0C018 /* Country.xcdatamodeld */,
				5FB5D451281155C400A0C018 /* CountryController.swift */,
			);
			path = CoreData;
			sourceTree = "<group>";
		};
/* End PBXGroup section */

/* Begin PBXNativeTarget section */
		5FB5D43A2811535200A0C018 /* WorldCitites */ = {
			isa = PBXNativeTarget;
			buildConfigurationList = 5FB5D4492811535300A0C018 /* Build configuration list for PBXNativeTarget "WorldCitites" */;
			buildPhases = (
				5FB5D4372811535200A0C018 /* Sources */,
				5FB5D4382811535200A0C018 /* Frameworks */,
				5FB5D4392811535200A0C018 /* Resources */,
			);
			buildRules = (
			);
			dependencies = (
			);
			name = WorldCitites;
			productName = WorldCitites;
			productReference = 5FB5D43B2811535200A0C018 /* WorldCitites.app */;
			productType = "com.apple.product-type.application";
		};
/* End PBXNativeTarget section */

/* Begin PBXProject section */
		5FB5D4332811535200A0C018 /* Project object */ = {
			isa = PBXProject;
			attributes = {
				BuildIndependentTargetsInParallel = 1;
				LastSwiftUpdateCheck = 1330;
				LastUpgradeCheck = 1330;
				TargetAttributes = {
					5FB5D43A2811535200A0C018 = {
						CreatedOnToolsVersion = 13.3.1;
					};
				};
			};
			buildConfigurationList = 5FB5D4362811535200A0C018 /* Build configuration list for PBXProject "WorldCitites" */;
			compatibilityVersion = "Xcode 13.0";
			developmentRegion = en;
			hasScannedForEncodings = 0;
			knownRegions = (
				en,
				Base,
			);
			mainGroup = 5FB5D4322811535200A0C018;
			productRefGroup = 5FB5D43C2811535200A0C018 /* Products */;
			projectDirPath = "";
			projectRoot = "";
			targets = (
				5FB5D43A2811535200A0C018 /* WorldCitites */,
			);
		};
/* End PBXProject section */

/* Begin PBXResourcesBuildPhase section */
		5FB5D4392811535200A0C018 /* Resources */ = {
			isa = PBXResourcesBuildPhase;
			buildActionMask = 2147483647;
			files = (
				5FB5D4462811535300A0C018 /* Preview Assets.xcassets in Resources */,
				5FB5D4432811535300A0C018 /* Assets.xcassets in Resources */,
			);
			runOnlyForDeploymentPostprocessing = 0;
		};
/* End PBXResourcesBuildPhase section */

/* Begin PBXSourcesBuildPhase section */
		5FB5D4372811535200A0C018 /* Sources */ = {
			isa = PBXSourcesBuildPhase;
			buildActionMask = 2147483647;
			files = (
				5FB5D4502811550100A0C018 /* Country.xcdatamodeld in Sources */,
				5FB5D4412811535200A0C018 /* ContentView.swift in Sources */,
				5FB5D452281155C400A0C018 /* CountryController.swift in Sources */,
				5FB5D44D2811539500A0C018 /* ViewModel.swift in Sources */,
				5FB5D43F2811535200A0C018 /* WorldCititesApp.swift in Sources */,
			);
			runOnlyForDeploymentPostprocessing = 0;
		};
/* End PBXSourcesBuildPhase section */

/* Begin XCBuildConfiguration section */
		5FB5D4472811535300A0C018 /* Debug */ = {
			isa = XCBuildConfiguration;
			buildSettings = {
				ALWAYS_SEARCH_USER_PATHS = NO;
				CLANG_ANALYZER_NONNULL = YES;
				CLANG_ANALYZER_NUMBER_OBJECT_CONVERSION = YES_AGGRESSIVE;
				CLANG_CXX_LANGUAGE_STANDARD = "gnu++17";
				CLANG_ENABLE_MODULES = YES;
				CLANG_ENABLE_OBJC_ARC = YES;
				CLANG_ENABLE_OBJC_WEAK = YES;
				CLANG_WARN_BLOCK_CAPTURE_AUTORELEASING = YES;
				CLANG_WARN_BOOL_CONVERSION = YES;
				CLANG_WARN_COMMA = YES;
				CLANG_WARN_CONSTANT_CONVERSION = YES;
				CLANG_WARN_DEPRECATED_OBJC_IMPLEMENTATIONS = YES;
				CLANG_WARN_DIRECT_OBJC_ISA_USAGE = YES_ERROR;
				CLANG_WARN_DOCUMENTATION_COMMENTS = YES;
				CLANG_WARN_EMPTY_BODY = YES;
				CLANG_WARN_ENUM_CONVERSION = YES;
				CLANG_WARN_INFINITE_RECURSION = YES;
				CLANG_WARN_INT_CONVERSION = YES;
				CLANG_WARN_NON_LITERAL_NULL_CONVERSION = YES;
				CLANG_WARN_OBJC_IMPLICIT_RETAIN_SELF = YES;
				CLANG_WARN_OBJC_LITERAL_CONVERSION = YES;
				CLANG_WARN_OBJC_ROOT_CLASS = YES_ERROR;
				CLANG_WARN_QUOTED_INCLUDE_IN_FRAMEWORK_HEADER = YES;
				CLANG_WARN_RANGE_LOOP_ANALYSIS = YES;
				CLANG_WARN_STRICT_PROTOTYPES = YES;
				CLANG_WARN_SUSPICIOUS_MOVE = YES;
				CLANG_WARN_UNGUARDED_AVAILABILITY = YES_AGGRESSIVE;
				CLANG_WARN_UNREACHABLE_CODE = YES;
				CLANG_WARN__DUPLICATE_METHOD_MATCH = YES;
				COPY_PHASE_STRIP = NO;
				DEBUG_INFORMATION_FORMAT = dwarf;
				ENABLE_STRICT_OBJC_MSGSEND = YES;
				ENABLE_TESTABILITY = YES;
				GCC_C_LANGUAGE_STANDARD = gnu11;
				GCC_DYNAMIC_NO_PIC = NO;
				GCC_NO_COMMON_BLOCKS = YES;
				GCC_OPTIMIZATION_LEVEL = 0;
				GCC_PREPROCESSOR_DEFINITIONS = (
					"DEBUG=1",
					"$(inherited)",
				);
				GCC_WARN_64_TO_32_BIT_CONVERSION = YES;
				GCC_WARN_ABOUT_RETURN_TYPE = YES_ERROR;
				GCC_WARN_UNDECLARED_SELECTOR = YES;
				GCC_WARN_UNINITIALIZED_AUTOS = YES_AGGRESSIVE;
				GCC_WARN_UNUSED_FUNCTION = YES;
				GCC_WARN_UNUSED_VARIABLE = YES;
				IPHONEOS_DEPLOYMENT_TARGET = 15.4;
				MTL_ENABLE_DEBUG_INFO = INCLUDE_SOURCE;
				MTL_FAST_MATH = YES;
				ONLY_ACTIVE_ARCH = YES;
				SDKROOT = iphoneos;
				SWIFT_ACTIVE_COMPILATION_CONDITIONS = DEBUG;
				SWIFT_OPTIMIZATION_LEVEL = "-Onone";
			};
			name = Debug;
		};
		5FB5D4482811535300A0C018 /* Release */ = {
			isa = XCBuildConfiguration;
			buildSettings = {
				ALWAYS_SEARCH_USER_PATHS = NO;
				CLANG_ANALYZER_NONNULL = YES;
				CLANG_ANALYZER_NUMBER_OBJECT_CONVERSION = YES_AGGRESSIVE;
				CLANG_CXX_LANGUAGE_STANDARD = "gnu++17";
				CLANG_ENABLE_MODULES = YES;
				CLANG_ENABLE_OBJC_ARC = YES;
				CLANG_ENABLE_OBJC_WEAK = YES;
				CLANG_WARN_BLOCK_CAPTURE_AUTORELEASING = YES;
				CLANG_WARN_BOOL_CONVERSION = YES;
				CLANG_WARN_COMMA = YES;
				CLANG_WARN_CONSTANT_CONVERSION = YES;
				CLANG_WARN_DEPRECATED_OBJC_IMPLEMENTATIONS = YES;
				CLANG_WARN_DIRECT_OBJC_ISA_USAGE = YES_ERROR;
				CLANG_WARN_DOCUMENTATION_COMMENTS = YES;
				CLANG_WARN_EMPTY_BODY = YES;
				CLANG_WARN_ENUM_CONVERSION = YES;
				CLANG_WARN_INFINITE_RECURSION = YES;
				CLANG_WARN_INT_CONVERSION = YES;
				CLANG_WARN_NON_LITERAL_NULL_CONVERSION = YES;
				CLANG_WARN_OBJC_IMPLICIT_RETAIN_SELF = YES;
				CLANG_WARN_OBJC_LITERAL_CONVERSION = YES;
				CLANG_WARN_OBJC_ROOT_CLASS = YES_ERROR;
				CLANG_WARN_QUOTED_INCLUDE_IN_FRAMEWORK_HEADER = YES;
				CLANG_WARN_RANGE_LOOP_ANALYSIS = YES;
				CLANG_WARN_STRICT_PROTOTYPES = YES;
				CLANG_WARN_SUSPICIOUS_MOVE = YES;
				CLANG_WARN_UNGUARDED_AVAILABILITY = YES_AGGRESSIVE;
				CLANG_WARN_UNREACHABLE_CODE = YES;
				CLANG_WARN__DUPLICATE_METHOD_MATCH = YES;
				COPY_PHASE_STRIP = NO;
				DEBUG_INFORMATION_FORMAT = "dwarf-with-dsym";
				ENABLE_NS_ASSERTIONS = NO;
				ENABLE_STRICT_OBJC_MSGSEND = YES;
				GCC_C_LANGUAGE_STANDARD = gnu11;
				GCC_NO_COMMON_BLOCKS = YES;
				GCC_WARN_64_TO_32_BIT_CONVERSION = YES;
				GCC_WARN_ABOUT_RETURN_TYPE = YES_ERROR;
				GCC_WARN_UNDECLARED_SELECTOR = YES;
				GCC_WARN_UNINITIALIZED_AUTOS = YES_AGGRESSIVE;
				GCC_WARN_UNUSED_FUNCTION = YES;
				GCC_WARN_UNUSED_VARIABLE = YES;
				IPHONEOS_DEPLOYMENT_TARGET = 15.4;
				MTL_ENABLE_DEBUG_INFO = NO;
				MTL_FAST_MATH = YES;
				SDKROOT = iphoneos;
				SWIFT_COMPILATION_MODE = wholemodule;
				SWIFT_OPTIMIZATION_LEVEL = "-O";
				VALIDATE_PRODUCT = YES;
			};
			name = Release;
		};
		5FB5D44A2811535300A0C018 /* Debug */ = {
			isa = XCBuildConfiguration;
			buildSettings = {
				ASSETCATALOG_COMPILER_APPICON_NAME = AppIcon;
				ASSETCATALOG_COMPILER_GLOBAL_ACCENT_COLOR_NAME = AccentColor;
				CODE_SIGN_STYLE = Automatic;
				CURRENT_PROJECT_VERSION = 1;
				DEVELOPMENT_ASSET_PATHS = "\"WorldCitites/Preview Content\"";
				DEVELOPMENT_TEAM = WD4RSN9DBA;
				ENABLE_PREVIEWS = YES;
				GENERATE_INFOPLIST_FILE = YES;
				INFOPLIST_KEY_UIApplicationSceneManifest_Generation = YES;
				INFOPLIST_KEY_UIApplicationSupportsIndirectInputEvents = YES;
				INFOPLIST_KEY_UILaunchScreen_Generation = YES;
				INFOPLIST_KEY_UISupportedInterfaceOrientations_iPad = "UIInterfaceOrientationPortrait UIInterfaceOrientationPortraitUpsideDown UIInterfaceOrientationLandscapeLeft UIInterfaceOrientationLandscapeRight";
				INFOPLIST_KEY_UISupportedInterfaceOrientations_iPhone = "UIInterfaceOrientationPortrait UIInterfaceOrientationLandscapeLeft UIInterfaceOrientationLandscapeRight";
				LD_RUNPATH_SEARCH_PATHS = (
					"$(inherited)",
					"@executable_path/Frameworks",
				);
				MARKETING_VERSION = 1.0;
				PRODUCT_BUNDLE_IDENTIFIER = tech.fuka.WorldCitites;
				PRODUCT_NAME = "$(TARGET_NAME)";
				SWIFT_EMIT_LOC_STRINGS = YES;
				SWIFT_VERSION = 5.0;
				TARGETED_DEVICE_FAMILY = "1,2";
			};
			name = Debug;
		};
		5FB5D44B2811535300A0C018 /* Release */ = {
			isa = XCBuildConfiguration;
			buildSettings = {
				ASSETCATALOG_COMPILER_APPICON_NAME = AppIcon;
				ASSETCATALOG_COMPILER_GLOBAL_ACCENT_COLOR_NAME = AccentColor;
				CODE_SIGN_STYLE = Automatic;
				CURRENT_PROJECT_VERSION = 1;
				DEVELOPMENT_ASSET_PATHS = "\"WorldCitites/Preview Content\"";
				DEVELOPMENT_TEAM = WD4RSN9DBA;
				ENABLE_PREVIEWS = YES;
				GENERATE_INFOPLIST_FILE = YES;
				INFOPLIST_KEY_UIApplicationSceneManifest_Generation = YES;
				INFOPLIST_KEY_UIApplicationSupportsIndirectInputEvents = YES;
				INFOPLIST_KEY_UILaunchScreen_Generation = YES;
				INFOPLIST_KEY_UISupportedInterfaceOrientations_iPad = "UIInterfaceOrientationPortrait UIInterfaceOrientationPortraitUpsideDown UIInterfaceOrientationLandscapeLeft UIInterfaceOrientationLandscapeRight";
				INFOPLIST_KEY_UISupportedInterfaceOrientations_iPhone = "UIInterfaceOrientationPortrait UIInterfaceOrientationLandscapeLeft UIInterfaceOrientationLandscapeRight";
				LD_RUNPATH_SEARCH_PATHS = (
					"$(inherited)",
					"@executable_path/Frameworks",
				);
				MARKETING_VERSION = 1.0;
				PRODUCT_BUNDLE_IDENTIFIER = tech.fuka.WorldCitites;
				PRODUCT_NAME = "$(TARGET_NAME)";
				SWIFT_EMIT_LOC_STRINGS = YES;
				SWIFT_VERSION = 5.0;
				TARGETED_DEVICE_FAMILY = "1,2";
			};
			name = Release;
		};
/* End XCBuildConfiguration section */

/* Begin XCConfigurationList section */
		5FB5D4362811535200A0C018 /* Build configuration list for PBXProject "WorldCitites" */ = {
			isa = XCConfigurationList;
			buildConfigurations = (
				5FB5D4472811535300A0C018 /* Debug */,
				5FB5D4482811535300A0C018 /* Release */,
			);
			defaultConfigurationIsVisible = 0;
			defaultConfigurationName = Release;
		};
		5FB5D4492811535300A0C018 /* Build configuration list for PBXNativeTarget "WorldCitites" */ = {
			isa = XCConfigurationList;
			buildConfigurations = (
				5FB5D44A2811535300A0C018 /* Debug */,
				5FB5D44B2811535300A0C018 /* Release */,
			);
			defaultConfigurationIsVisible = 0;
			defaultConfigurationName = Release;
		};
/* End XCConfigurationList section */

/* Begin XCVersionGroup section */
		5FB5D44E2811550100A0C018 /* Country.xcdatamodeld */ = {
			isa = XCVersionGroup;
			children = (
				5FB5D44F2811550100A0C018 /* Country.xcdatamodel */,
			);
			currentVersion = 5FB5D44F2811550100A0C018 /* Country.xcdatamodel */;
			path = Country.xcdatamodeld;
			sourceTree = "<group>";
			versionGroupType = wrapper.xcdatamodel;
		};
/* End XCVersionGroup section */
	};
	rootObject = 5FB5D4332811535200A0C018 /* Project object */;
}
